
Microsoft Visual Studio Solution File, Format Version 12.00
# Visual Studio 15
VisualStudioVersion = 15.0.28010.2003
MinimumVisualStudioVersion = 10.0.40219.1
Project("{9A19103F-16F7-4668-BE54-9A1E7A4F7556}") = "Qualm", "Qualm\Qualm.csproj", "{2992A0AC-2267-4874-AC02-CD5009AF1F04}"
EndProject
Project("{9A19103F-16F7-4668-BE54-9A1E7A4F7556}") = "Qualm.Tests", "Qualm.Tests\Qualm.Tests.csproj", "{1D224AA0-B7C2-4B0A-8340-8DA0DAC5751F}"
EndProject
Project("{2150E333-8FDC-42A3-9474-1A3956D46DE8}") = "Solution Items", "Solution Items", "{D30F675A-FEBF-4B0D-A8B8-441ED5C2EA78}"
	ProjectSection(SolutionItems) = preProject
		..\README.md = ..\README.md
	EndProjectSection
EndProject
Project("{9A19103F-16F7-4668-BE54-9A1E7A4F7556}") = "Qualm.AspNetCore", "Qualm.AspNetCore\Qualm.AspNetCore.csproj", "{21110F7E-8D56-41BB-8DA5-6119452FB643}"
EndProject
Project("{9A19103F-16F7-4668-BE54-9A1E7A4F7556}") = "Qualm.AspNetCore.Swagger", "Qualm.AspNetCore.Swagger\Qualm.AspNetCore.Swagger.csproj", "{C6B535B4-540A-4139-875C-86863A31BD8A}"
EndProject
Project("{FAE04EC0-301F-11D3-BF4B-00C04F79EFBC}") = "Qualm.Rmq", "Qualm.Rmq\Qualm.Rmq.csproj", "{312ED2C8-887E-40FB-ABB7-96DF51F74AD2}"
EndProject
Global
	GlobalSection(SolutionConfigurationPlatforms) = preSolution
		Debug|Any CPU = Debug|Any CPU
		Release|Any CPU = Release|Any CPU
	EndGlobalSection
	GlobalSection(ProjectConfigurationPlatforms) = postSolution
		{2992A0AC-2267-4874-AC02-CD5009AF1F04}.Debug|Any CPU.ActiveCfg = Debug|Any CPU
		{2992A0AC-2267-4874-AC02-CD5009AF1F04}.Debug|Any CPU.Build.0 = Debug|Any CPU
		{2992A0AC-2267-4874-AC02-CD5009AF1F04}.Release|Any CPU.ActiveCfg = Release|Any CPU
		{2992A0AC-2267-4874-AC02-CD5009AF1F04}.Release|Any CPU.Build.0 = Release|Any CPU
		{1D224AA0-B7C2-4B0A-8340-8DA0DAC5751F}.Debug|Any CPU.ActiveCfg = Debug|Any CPU
		{1D224AA0-B7C2-4B0A-8340-8DA0DAC5751F}.Debug|Any CPU.Build.0 = Debug|Any CPU
		{1D224AA0-B7C2-4B0A-8340-8DA0DAC5751F}.Release|Any CPU.ActiveCfg = Release|Any CPU
		{1D224AA0-B7C2-4B0A-8340-8DA0DAC5751F}.Release|Any CPU.Build.0 = Release|Any CPU
		{21110F7E-8D56-41BB-8DA5-6119452FB643}.Debug|Any CPU.ActiveCfg = Debug|Any CPU
		{21110F7E-8D56-41BB-8DA5-6119452FB643}.Debug|Any CPU.Build.0 = Debug|Any CPU
		{21110F7E-8D56-41BB-8DA5-6119452FB643}.Release|Any CPU.ActiveCfg = Release|Any CPU
		{21110F7E-8D56-41BB-8DA5-6119452FB643}.Release|Any CPU.Build.0 = Release|Any CPU
		{C6B535B4-540A-4139-875C-86863A31BD8A}.Debug|Any CPU.ActiveCfg = Debug|Any CPU
		{C6B535B4-540A-4139-875C-86863A31BD8A}.Debug|Any CPU.Build.0 = Debug|Any CPU
		{C6B535B4-540A-4139-875C-86863A31BD8A}.Release|Any CPU.ActiveCfg = Release|Any CPU
		{C6B535B4-540A-4139-875C-86863A31BD8A}.Release|Any CPU.Build.0 = Release|Any CPU
		{312ED2C8-887E-40FB-ABB7-96DF51F74AD2}.Debug|Any CPU.ActiveCfg = Debug|Any CPU
		{312ED2C8-887E-40FB-ABB7-96DF51F74AD2}.Debug|Any CPU.Build.0 = Debug|Any CPU
		{312ED2C8-887E-40FB-ABB7-96DF51F74AD2}.Release|Any CPU.ActiveCfg = Release|Any CPU
		{312ED2C8-887E-40FB-ABB7-96DF51F74AD2}.Release|Any CPU.Build.0 = Release|Any CPU
	EndGlobalSection
	GlobalSection(SolutionProperties) = preSolution
		HideSolutionNode = FALSE
	EndGlobalSection
	GlobalSection(ExtensibilityGlobals) = postSolution
		SolutionGuid = {6F159A5F-2452-4C21-A022-D59E509D9F50}
	EndGlobalSection
EndGlobal
